
Microsoft Visual Studio Solution File, Format Version 12.00
# Visual Studio Version 16
VisualStudioVersion = 16.0.31829.152
MinimumVisualStudioVersion = 10.0.40219.1
Project("{FAE04EC0-301F-11D3-BF4B-00C04F79EFBC}") = "Task20", "Task20\Task20.csproj", "{8BD863AB-CE24-40E1-90EE-2381A7B1A7F6}"
EndProject
Global
	GlobalSection(SolutionConfigurationPlatforms) = preSolution
		Debug|Any CPU = Debug|Any CPU
		Release|Any CPU = Release|Any CPU
	EndGlobalSection
	GlobalSection(ProjectConfigurationPlatforms) = postSolution
		{8BD863AB-CE24-40E1-90EE-2381A7B1A7F6}.Debug|Any CPU.ActiveCfg = Debug|Any CPU
		{8BD863AB-CE24-40E1-90EE-2381A7B1A7F6}.Debug|Any CPU.Build.0 = Debug|Any CPU
		{8BD863AB-CE24-40E1-90EE-2381A7B1A7F6}.Release|Any CPU.ActiveCfg = Release|Any CPU
		{8BD863AB-CE24-40E1-90EE-2381A7B1A7F6}.Release|Any CPU.Build.0 = Release|Any CPU
	EndGlobalSection
	GlobalSection(SolutionProperties) = preSolution
		HideSolutionNode = FALSE
	EndGlobalSection
	GlobalSection(ExtensibilityGlobals) = postSolution
		SolutionGuid = {8AC4F908-895A-43E5-9266-87C89542BCF5}
	EndGlobalSection
EndGlobal
